
Microsoft Visual Studio Solution File, Format Version 12.00
# Visual Studio 15
VisualStudioVersion = 15.0.28307.902
MinimumVisualStudioVersion = 10.0.40219.1
Project("{FAE04EC0-301F-11D3-BF4B-00C04F79EFBC}") = "Interfaces", "Interfaces\Interfaces.csproj", "{4285B652-4AC2-49CD-8F64-7ECDEB281DC5}"
EndProject
Global
	GlobalSection(SolutionConfigurationPlatforms) = preSolution
		Debug|Any CPU = Debug|Any CPU
		Release|Any CPU = Release|Any CPU
	EndGlobalSection
	GlobalSection(ProjectConfigurationPlatforms) = postSolution
		{4285B652-4AC2-49CD-8F64-7ECDEB281DC5}.Debug|Any CPU.ActiveCfg = Debug|Any CPU
		{4285B652-4AC2-49CD-8F64-7ECDEB281DC5}.Debug|Any CPU.Build.0 = Debug|Any CPU
		{4285B652-4AC2-49CD-8F64-7ECDEB281DC5}.Release|Any CPU.ActiveCfg = Release|Any CPU
		{4285B652-4AC2-49CD-8F64-7ECDEB281DC5}.Release|Any CPU.Build.0 = Release|Any CPU
	EndGlobalSection
	GlobalSection(SolutionProperties) = preSolution
		HideSolutionNode = FALSE
	EndGlobalSection
	GlobalSection(ExtensibilityGlobals) = postSolution
		SolutionGuid = {FF20D914-E691-4A20-9E94-27B422D28F56}
	EndGlobalSection
EndGlobal
