
Microsoft Visual Studio Solution File, Format Version 12.00
# Visual Studio 15
VisualStudioVersion = 15.0.28307.902
MinimumVisualStudioVersion = 10.0.40219.1
Project("{FAE04EC0-301F-11D3-BF4B-00C04F79EFBC}") = "Various", "Various\Various.csproj", "{9FB78FF5-AF07-4AE8-9456-2436C25AED22}"
EndProject
Global
	GlobalSection(SolutionConfigurationPlatforms) = preSolution
		Debug|Any CPU = Debug|Any CPU
		Release|Any CPU = Release|Any CPU
	EndGlobalSection
	GlobalSection(ProjectConfigurationPlatforms) = postSolution
		{9FB78FF5-AF07-4AE8-9456-2436C25AED22}.Debug|Any CPU.ActiveCfg = Debug|Any CPU
		{9FB78FF5-AF07-4AE8-9456-2436C25AED22}.Debug|Any CPU.Build.0 = Debug|Any CPU
		{9FB78FF5-AF07-4AE8-9456-2436C25AED22}.Release|Any CPU.ActiveCfg = Release|Any CPU
		{9FB78FF5-AF07-4AE8-9456-2436C25AED22}.Release|Any CPU.Build.0 = Release|Any CPU
	EndGlobalSection
	GlobalSection(SolutionProperties) = preSolution
		HideSolutionNode = FALSE
	EndGlobalSection
	GlobalSection(ExtensibilityGlobals) = postSolution
		SolutionGuid = {AFBE788C-5D75-4199-97A8-9A99AC01401F}
	EndGlobalSection
EndGlobal
