
Microsoft Visual Studio Solution File, Format Version 12.00
# Visual Studio 15
VisualStudioVersion = 15.0.28307.902
MinimumVisualStudioVersion = 10.0.40219.1
Project("{FAE04EC0-301F-11D3-BF4B-00C04F79EFBC}") = "New_And_Override", "New_And_Override\New_And_Override.csproj", "{CA69859B-9355-43A5-9664-9DE92B7BA770}"
EndProject
Global
	GlobalSection(SolutionConfigurationPlatforms) = preSolution
		Debug|Any CPU = Debug|Any CPU
		Release|Any CPU = Release|Any CPU
	EndGlobalSection
	GlobalSection(ProjectConfigurationPlatforms) = postSolution
		{CA69859B-9355-43A5-9664-9DE92B7BA770}.Debug|Any CPU.ActiveCfg = Debug|Any CPU
		{CA69859B-9355-43A5-9664-9DE92B7BA770}.Debug|Any CPU.Build.0 = Debug|Any CPU
		{CA69859B-9355-43A5-9664-9DE92B7BA770}.Release|Any CPU.ActiveCfg = Release|Any CPU
		{CA69859B-9355-43A5-9664-9DE92B7BA770}.Release|Any CPU.Build.0 = Release|Any CPU
	EndGlobalSection
	GlobalSection(SolutionProperties) = preSolution
		HideSolutionNode = FALSE
	EndGlobalSection
	GlobalSection(ExtensibilityGlobals) = postSolution
		SolutionGuid = {EE9EFB16-E738-4614-AD38-701DC38C107B}
	EndGlobalSection
EndGlobal
